
Microsoft Visual Studio Solution File, Format Version 12.00
# Visual Studio 14
VisualStudioVersion = 14.0.25420.1
MinimumVisualStudioVersion = 10.0.40219.1
Project("{FAE04EC0-301F-11D3-BF4B-00C04F79EFBC}") = "ussdjobs", "ussdjobs\ussdjobs.csproj", "{6D165658-012A-4D95-8932-EADE749B16A0}"
EndProject
Project("{FAE04EC0-301F-11D3-BF4B-00C04F79EFBC}") = "BVNAcctCreation", "BVNAcctCreation\BVNAcctCreation.csproj", "{956CD31C-04D5-468B-8B0F-A372E8A86D91}"
EndProject
Project("{FAE04EC0-301F-11D3-BF4B-00C04F79EFBC}") = "FDProcessor", "FDProcessor\FDProcessor.csproj", "{1B4E04D3-19AE-46DD-AAD2-F7579D0C51BC}"
EndProject
Project("{FAE04EC0-301F-11D3-BF4B-00C04F79EFBC}") = "TakeUssdCharges", "TakeUssdCharges\TakeUssdCharges.csproj", "{B39580D7-0FC6-4BD2-8381-C10B59F6D3D0}"
EndProject
Project("{FAE04EC0-301F-11D3-BF4B-00C04F79EFBC}") = "ussdjobsInterbank", "ussdjobsInterbank\ussdjobsInterbank.csproj", "{FC0EC03C-88C2-4016-BE7B-79A71D353139}"
EndProject
Project("{FAE04EC0-301F-11D3-BF4B-00C04F79EFBC}") = "ussdjobsInterbank2", "ussdjobsInterbank2\ussdjobsInterbank2.csproj", "{001ECCD6-61C3-469D-9A08-739E6BFD88DA}"
EndProject
Project("{FAE04EC0-301F-11D3-BF4B-00C04F79EFBC}") = "ussdjobsInterbank3", "ussdjobsInterbank3\ussdjobsInterbank3.csproj", "{4C381720-E34C-47E4-B7C8-F6BC3E45A6A3}"
EndProject
Project("{FAE04EC0-301F-11D3-BF4B-00C04F79EFBC}") = "ussdjobsInterbank4", "ussdjobsInterbank4\ussdjobsInterbank4.csproj", "{B5CFCF01-CF15-4E23-9F07-0A184570CB7C}"
EndProject
Project("{FAE04EC0-301F-11D3-BF4B-00C04F79EFBC}") = "ussdjobsInterbank5", "ussdjobsInterbank5\ussdjobsInterbank5.csproj", "{468D526F-FD20-4E15-8FA8-5FCAA4F1AB89}"
EndProject
Project("{2150E333-8FDC-42A3-9474-1A3956D46DE8}") = "Solution Items", "Solution Items", "{03AA7266-4EDB-41A9-8606-42285587F5F9}"
	ProjectSection(SolutionItems) = preProject
		ussdjobsInterbank6\ussdjobsInterbank6.csproj = ussdjobsInterbank6\ussdjobsInterbank6.csproj
	EndProjectSection
EndProject
Project("{FAE04EC0-301F-11D3-BF4B-00C04F79EFBC}") = "ussdjobsInterbank6", "ussdjobsInterbank6\ussdjobsInterbank6.csproj", "{F2627AE4-012B-4C5F-AB33-DFEE2CC26461}"
EndProject
Project("{FAE04EC0-301F-11D3-BF4B-00C04F79EFBC}") = "ussdjobsInterbank7", "ussdjobsInterbank7\ussdjobsInterbank7.csproj", "{BFA1C6AD-8C21-4656-9244-C78CA0B0E3A9}"
EndProject
Project("{FAE04EC0-301F-11D3-BF4B-00C04F79EFBC}") = "ussdjobsInterbank8", "ussdjobsInterbank8\ussdjobsInterbank8.csproj", "{C7613724-078E-40F1-9614-606CFCFEE8C6}"
EndProject
Project("{FAE04EC0-301F-11D3-BF4B-00C04F79EFBC}") = "ussdjobsInterbank9", "ussdjobsInterbank9\ussdjobsInterbank9.csproj", "{B41349AC-DED7-45A1-8573-25EF2796680D}"
EndProject
Project("{FAE04EC0-301F-11D3-BF4B-00C04F79EFBC}") = "ussdjobsInterbank10", "ussdjobsInterbank10\ussdjobsInterbank10.csproj", "{5CDF3BFE-4A84-45FB-9697-F5E6E1C9BC88}"
EndProject
Project("{FAE04EC0-301F-11D3-BF4B-00C04F79EFBC}") = "ussdjobsInterbank11", "ussdjobsInterbank11\ussdjobsInterbank11.csproj", "{3F61B907-3165-441E-B51C-FCA530434014}"
EndProject
Project("{FAE04EC0-301F-11D3-BF4B-00C04F79EFBC}") = "TakeUssdChargesAcctCheck", "TakeUssdChargesAcctCheck\TakeUssdChargesAcctCheck.csproj", "{BA993ACD-3338-4093-A20D-8F0F8E26D922}"
EndProject
Project("{FAE04EC0-301F-11D3-BF4B-00C04F79EFBC}") = "TakeUssdChargesBalEnq", "TakeUssdChargesBalEnq\TakeUssdChargesBalEnq.csproj", "{109D697A-300B-43C6-97FA-E13CA9A90E66}"
EndProject
Project("{FAE04EC0-301F-11D3-BF4B-00C04F79EFBC}") = "TakeUssdChargesMerchantCode", "TakeUssdChargesMerchantCode\TakeUssdChargesMerchantCode.csproj", "{D4257FBC-9527-455C-A1A5-954904B422A0}"
EndProject
Global
	GlobalSection(SolutionConfigurationPlatforms) = preSolution
		Debug|Any CPU = Debug|Any CPU
		Release|Any CPU = Release|Any CPU
	EndGlobalSection
	GlobalSection(ProjectConfigurationPlatforms) = postSolution
		{6D165658-012A-4D95-8932-EADE749B16A0}.Debug|Any CPU.ActiveCfg = Debug|Any CPU
		{6D165658-012A-4D95-8932-EADE749B16A0}.Debug|Any CPU.Build.0 = Debug|Any CPU
		{6D165658-012A-4D95-8932-EADE749B16A0}.Release|Any CPU.ActiveCfg = Release|Any CPU
		{6D165658-012A-4D95-8932-EADE749B16A0}.Release|Any CPU.Build.0 = Release|Any CPU
		{956CD31C-04D5-468B-8B0F-A372E8A86D91}.Debug|Any CPU.ActiveCfg = Debug|Any CPU
		{956CD31C-04D5-468B-8B0F-A372E8A86D91}.Debug|Any CPU.Build.0 = Debug|Any CPU
		{956CD31C-04D5-468B-8B0F-A372E8A86D91}.Release|Any CPU.ActiveCfg = Release|Any CPU
		{956CD31C-04D5-468B-8B0F-A372E8A86D91}.Release|Any CPU.Build.0 = Release|Any CPU
		{1B4E04D3-19AE-46DD-AAD2-F7579D0C51BC}.Debug|Any CPU.ActiveCfg = Debug|Any CPU
		{1B4E04D3-19AE-46DD-AAD2-F7579D0C51BC}.Debug|Any CPU.Build.0 = Debug|Any CPU
		{1B4E04D3-19AE-46DD-AAD2-F7579D0C51BC}.Release|Any CPU.ActiveCfg = Release|Any CPU
		{1B4E04D3-19AE-46DD-AAD2-F7579D0C51BC}.Release|Any CPU.Build.0 = Release|Any CPU
		{B39580D7-0FC6-4BD2-8381-C10B59F6D3D0}.Debug|Any CPU.ActiveCfg = Debug|Any CPU
		{B39580D7-0FC6-4BD2-8381-C10B59F6D3D0}.Debug|Any CPU.Build.0 = Debug|Any CPU
		{B39580D7-0FC6-4BD2-8381-C10B59F6D3D0}.Release|Any CPU.ActiveCfg = Release|Any CPU
		{B39580D7-0FC6-4BD2-8381-C10B59F6D3D0}.Release|Any CPU.Build.0 = Release|Any CPU
		{FC0EC03C-88C2-4016-BE7B-79A71D353139}.Debug|Any CPU.ActiveCfg = Debug|Any CPU
		{FC0EC03C-88C2-4016-BE7B-79A71D353139}.Debug|Any CPU.Build.0 = Debug|Any CPU
		{FC0EC03C-88C2-4016-BE7B-79A71D353139}.Release|Any CPU.ActiveCfg = Release|Any CPU
		{FC0EC03C-88C2-4016-BE7B-79A71D353139}.Release|Any CPU.Build.0 = Release|Any CPU
		{001ECCD6-61C3-469D-9A08-739E6BFD88DA}.Debug|Any CPU.ActiveCfg = Debug|Any CPU
		{001ECCD6-61C3-469D-9A08-739E6BFD88DA}.Debug|Any CPU.Build.0 = Debug|Any CPU
		{001ECCD6-61C3-469D-9A08-739E6BFD88DA}.Release|Any CPU.ActiveCfg = Release|Any CPU
		{001ECCD6-61C3-469D-9A08-739E6BFD88DA}.Release|Any CPU.Build.0 = Release|Any CPU
		{4C381720-E34C-47E4-B7C8-F6BC3E45A6A3}.Debug|Any CPU.ActiveCfg = Debug|Any CPU
		{4C381720-E34C-47E4-B7C8-F6BC3E45A6A3}.Debug|Any CPU.Build.0 = Debug|Any CPU
		{4C381720-E34C-47E4-B7C8-F6BC3E45A6A3}.Release|Any CPU.ActiveCfg = Release|Any CPU
		{4C381720-E34C-47E4-B7C8-F6BC3E45A6A3}.Release|Any CPU.Build.0 = Release|Any CPU
		{B5CFCF01-CF15-4E23-9F07-0A184570CB7C}.Debug|Any CPU.ActiveCfg = Debug|Any CPU
		{B5CFCF01-CF15-4E23-9F07-0A184570CB7C}.Debug|Any CPU.Build.0 = Debug|Any CPU
		{B5CFCF01-CF15-4E23-9F07-0A184570CB7C}.Release|Any CPU.ActiveCfg = Release|Any CPU
		{B5CFCF01-CF15-4E23-9F07-0A184570CB7C}.Release|Any CPU.Build.0 = Release|Any CPU
		{468D526F-FD20-4E15-8FA8-5FCAA4F1AB89}.Debug|Any CPU.ActiveCfg = Debug|Any CPU
		{468D526F-FD20-4E15-8FA8-5FCAA4F1AB89}.Debug|Any CPU.Build.0 = Debug|Any CPU
		{468D526F-FD20-4E15-8FA8-5FCAA4F1AB89}.Release|Any CPU.ActiveCfg = Release|Any CPU
		{468D526F-FD20-4E15-8FA8-5FCAA4F1AB89}.Release|Any CPU.Build.0 = Release|Any CPU
		{F2627AE4-012B-4C5F-AB33-DFEE2CC26461}.Debug|Any CPU.ActiveCfg = Debug|Any CPU
		{F2627AE4-012B-4C5F-AB33-DFEE2CC26461}.Debug|Any CPU.Build.0 = Debug|Any CPU
		{F2627AE4-012B-4C5F-AB33-DFEE2CC26461}.Release|Any CPU.ActiveCfg = Release|Any CPU
		{F2627AE4-012B-4C5F-AB33-DFEE2CC26461}.Release|Any CPU.Build.0 = Release|Any CPU
		{BFA1C6AD-8C21-4656-9244-C78CA0B0E3A9}.Debug|Any CPU.ActiveCfg = Debug|Any CPU
		{BFA1C6AD-8C21-4656-9244-C78CA0B0E3A9}.Debug|Any CPU.Build.0 = Debug|Any CPU
		{BFA1C6AD-8C21-4656-9244-C78CA0B0E3A9}.Release|Any CPU.ActiveCfg = Release|Any CPU
		{BFA1C6AD-8C21-4656-9244-C78CA0B0E3A9}.Release|Any CPU.Build.0 = Release|Any CPU
		{C7613724-078E-40F1-9614-606CFCFEE8C6}.Debug|Any CPU.ActiveCfg = Debug|Any CPU
		{C7613724-078E-40F1-9614-606CFCFEE8C6}.Debug|Any CPU.Build.0 = Debug|Any CPU
		{C7613724-078E-40F1-9614-606CFCFEE8C6}.Release|Any CPU.ActiveCfg = Release|Any CPU
		{C7613724-078E-40F1-9614-606CFCFEE8C6}.Release|Any CPU.Build.0 = Release|Any CPU
		{B41349AC-DED7-45A1-8573-25EF2796680D}.Debug|Any CPU.ActiveCfg = Debug|Any CPU
		{B41349AC-DED7-45A1-8573-25EF2796680D}.Debug|Any CPU.Build.0 = Debug|Any CPU
		{B41349AC-DED7-45A1-8573-25EF2796680D}.Release|Any CPU.ActiveCfg = Release|Any CPU
		{B41349AC-DED7-45A1-8573-25EF2796680D}.Release|Any CPU.Build.0 = Release|Any CPU
		{5CDF3BFE-4A84-45FB-9697-F5E6E1C9BC88}.Debug|Any CPU.ActiveCfg = Debug|Any CPU
		{5CDF3BFE-4A84-45FB-9697-F5E6E1C9BC88}.Debug|Any CPU.Build.0 = Debug|Any CPU
		{5CDF3BFE-4A84-45FB-9697-F5E6E1C9BC88}.Release|Any CPU.ActiveCfg = Release|Any CPU
		{5CDF3BFE-4A84-45FB-9697-F5E6E1C9BC88}.Release|Any CPU.Build.0 = Release|Any CPU
		{3F61B907-3165-441E-B51C-FCA530434014}.Debug|Any CPU.ActiveCfg = Debug|Any CPU
		{3F61B907-3165-441E-B51C-FCA530434014}.Debug|Any CPU.Build.0 = Debug|Any CPU
		{3F61B907-3165-441E-B51C-FCA530434014}.Release|Any CPU.ActiveCfg = Release|Any CPU
		{3F61B907-3165-441E-B51C-FCA530434014}.Release|Any CPU.Build.0 = Release|Any CPU
		{BA993ACD-3338-4093-A20D-8F0F8E26D922}.Debug|Any CPU.ActiveCfg = Debug|Any CPU
		{BA993ACD-3338-4093-A20D-8F0F8E26D922}.Debug|Any CPU.Build.0 = Debug|Any CPU
		{BA993ACD-3338-4093-A20D-8F0F8E26D922}.Release|Any CPU.ActiveCfg = Release|Any CPU
		{BA993ACD-3338-4093-A20D-8F0F8E26D922}.Release|Any CPU.Build.0 = Release|Any CPU
		{109D697A-300B-43C6-97FA-E13CA9A90E66}.Debug|Any CPU.ActiveCfg = Debug|Any CPU
		{109D697A-300B-43C6-97FA-E13CA9A90E66}.Debug|Any CPU.Build.0 = Debug|Any CPU
		{109D697A-300B-43C6-97FA-E13CA9A90E66}.Release|Any CPU.ActiveCfg = Release|Any CPU
		{109D697A-300B-43C6-97FA-E13CA9A90E66}.Release|Any CPU.Build.0 = Release|Any CPU
		{D4257FBC-9527-455C-A1A5-954904B422A0}.Debug|Any CPU.ActiveCfg = Debug|Any CPU
		{D4257FBC-9527-455C-A1A5-954904B422A0}.Debug|Any CPU.Build.0 = Debug|Any CPU
		{D4257FBC-9527-455C-A1A5-954904B422A0}.Release|Any CPU.ActiveCfg = Release|Any CPU
		{D4257FBC-9527-455C-A1A5-954904B422A0}.Release|Any CPU.Build.0 = Release|Any CPU
	EndGlobalSection
	GlobalSection(SolutionProperties) = preSolution
		HideSolutionNode = FALSE
	EndGlobalSection
EndGlobal
