
Microsoft Visual Studio Solution File, Format Version 12.00
# Visual Studio 14
VisualStudioVersion = 14.0.25420.1
MinimumVisualStudioVersion = 10.0.40219.1
Project("{FAE04EC0-301F-11D3-BF4B-00C04F79EFBC}") = "USSDEncryptKey", "USSDEncryptKey\USSDEncryptKey.csproj", "{6DA8686A-218D-4F96-A139-3E8044ED8E86}"
EndProject
Global
	GlobalSection(SolutionConfigurationPlatforms) = preSolution
		Debug|Any CPU = Debug|Any CPU
		Release|Any CPU = Release|Any CPU
	EndGlobalSection
	GlobalSection(ProjectConfigurationPlatforms) = postSolution
		{6DA8686A-218D-4F96-A139-3E8044ED8E86}.Debug|Any CPU.ActiveCfg = Debug|Any CPU
		{6DA8686A-218D-4F96-A139-3E8044ED8E86}.Debug|Any CPU.Build.0 = Debug|Any CPU
		{6DA8686A-218D-4F96-A139-3E8044ED8E86}.Release|Any CPU.ActiveCfg = Release|Any CPU
		{6DA8686A-218D-4F96-A139-3E8044ED8E86}.Release|Any CPU.Build.0 = Release|Any CPU
	EndGlobalSection
	GlobalSection(SolutionProperties) = preSolution
		HideSolutionNode = FALSE
	EndGlobalSection
EndGlobal
