
Microsoft Visual Studio Solution File, Format Version 12.00
# Visual Studio 15
VisualStudioVersion = 15.0.27130.2010
MinimumVisualStudioVersion = 10.0.40219.1
Project("{FAE04EC0-301F-11D3-BF4B-00C04F79EFBC}") = "BVNVerification", "BVNVerification\BVNVerification.csproj", "{F1439D74-2048-4D2F-A07A-5C3D7E8AAD94}"
EndProject
Global
	GlobalSection(SolutionConfigurationPlatforms) = preSolution
		Debug|Any CPU = Debug|Any CPU
		Release|Any CPU = Release|Any CPU
	EndGlobalSection
	GlobalSection(ProjectConfigurationPlatforms) = postSolution
		{F1439D74-2048-4D2F-A07A-5C3D7E8AAD94}.Debug|Any CPU.ActiveCfg = Debug|Any CPU
		{F1439D74-2048-4D2F-A07A-5C3D7E8AAD94}.Debug|Any CPU.Build.0 = Debug|Any CPU
		{F1439D74-2048-4D2F-A07A-5C3D7E8AAD94}.Release|Any CPU.ActiveCfg = Release|Any CPU
		{F1439D74-2048-4D2F-A07A-5C3D7E8AAD94}.Release|Any CPU.Build.0 = Release|Any CPU
	EndGlobalSection
	GlobalSection(SolutionProperties) = preSolution
		HideSolutionNode = FALSE
	EndGlobalSection
	GlobalSection(ExtensibilityGlobals) = postSolution
		SolutionGuid = {DACE0F85-D180-4B22-A064-0EFF5B5935E7}
	EndGlobalSection
EndGlobal
